// !$*UTF8*$!
{
	archiveVersion = 1;
	classes = {
	};
	objectVersion = 55;
	objects = {

/* Begin PBXBuildFile section */
		1A16E5E6281189DF00EFF683 /* StartGamePresenter.swift in Sources */ = {isa = PBXBuildFile; fileRef = 1A16E5DF281189DF00EFF683 /* StartGamePresenter.swift */; };
		1A16E5E7281189DF00EFF683 /* StartGameWorker.swift in Sources */ = {isa = PBXBuildFile; fileRef = 1A16E5E0281189DF00EFF683 /* StartGameWorker.swift */; };
		1A16E5E8281189DF00EFF683 /* StartGameRouter.swift in Sources */ = {isa = PBXBuildFile; fileRef = 1A16E5E1281189DF00EFF683 /* StartGameRouter.swift */; };
		1A16E5E9281189DF00EFF683 /* StartGameModels.swift in Sources */ = {isa = PBXBuildFile; fileRef = 1A16E5E2281189DF00EFF683 /* StartGameModels.swift */; };
		1A16E5EA281189DF00EFF683 /* StartGameViewController.swift in Sources */ = {isa = PBXBuildFile; fileRef = 1A16E5E3281189DF00EFF683 /* StartGameViewController.swift */; };
		1A16E5EB281189DF00EFF683 /* StartGameInteractor.swift in Sources */ = {isa = PBXBuildFile; fileRef = 1A16E5E4281189DF00EFF683 /* StartGameInteractor.swift */; };
		1A1B474028073BBF00BEEB1F /* IndexPathExtention.swift in Sources */ = {isa = PBXBuildFile; fileRef = 1A1B473F28073BBF00BEEB1F /* IndexPathExtention.swift */; };
		1A34639D2800430A00F9B94F /* UIViewExtention.swift in Sources */ = {isa = PBXBuildFile; fileRef = 1A34639C2800430A00F9B94F /* UIViewExtention.swift */; };
		1A34639F280229DD00F9B94F /* ArrayExtention.swift in Sources */ = {isa = PBXBuildFile; fileRef = 1A34639E280229DD00F9B94F /* ArrayExtention.swift */; };
		1A3CB6612816B307002C20B6 /* SaveManager.swift in Sources */ = {isa = PBXBuildFile; fileRef = 1A3CB6602816B307002C20B6 /* SaveManager.swift */; };
		1A82491C28180A7B0020EF00 /* SudokuGameViewModel.swift in Sources */ = {isa = PBXBuildFile; fileRef = 1A82491B28180A7B0020EF00 /* SudokuGameViewModel.swift */; };
		1A82491E28180AFB0020EF00 /* SudokuGameModel.swift in Sources */ = {isa = PBXBuildFile; fileRef = 1A82491D28180AFB0020EF00 /* SudokuGameModel.swift */; };
		1AA1F4C527FF5F370067C4E4 /* AppDelegate.swift in Sources */ = {isa = PBXBuildFile; fileRef = 1AA1F4C427FF5F370067C4E4 /* AppDelegate.swift */; };
		1AA1F4C727FF5F370067C4E4 /* SceneDelegate.swift in Sources */ = {isa = PBXBuildFile; fileRef = 1AA1F4C627FF5F370067C4E4 /* SceneDelegate.swift */; };
		1AA1F4CF27FF5F370067C4E4 /* MySudokuProject.xcdatamodeld in Sources */ = {isa = PBXBuildFile; fileRef = 1AA1F4CD27FF5F370067C4E4 /* MySudokuProject.xcdatamodeld */; };
		1AA1F4D127FF5F3B0067C4E4 /* Assets.xcassets in Resources */ = {isa = PBXBuildFile; fileRef = 1AA1F4D027FF5F3B0067C4E4 /* Assets.xcassets */; };
		1AA1F4D427FF5F3B0067C4E4 /* LaunchScreen.storyboard in Resources */ = {isa = PBXBuildFile; fileRef = 1AA1F4D227FF5F3B0067C4E4 /* LaunchScreen.storyboard */; };
		1AA1F4E227FF60300067C4E4 /* SudokuGamePresenter.swift in Sources */ = {isa = PBXBuildFile; fileRef = 1AA1F4DB27FF60300067C4E4 /* SudokuGamePresenter.swift */; };
		1AA1F4E327FF60300067C4E4 /* SudokuGameWorker.swift in Sources */ = {isa = PBXBuildFile; fileRef = 1AA1F4DC27FF60300067C4E4 /* SudokuGameWorker.swift */; };
		1AA1F4E427FF60300067C4E4 /* SudokuGameRouter.swift in Sources */ = {isa = PBXBuildFile; fileRef = 1AA1F4DD27FF60300067C4E4 /* SudokuGameRouter.swift */; };
		1AA1F4E527FF60300067C4E4 /* SudokuGameModels.swift in Sources */ = {isa = PBXBuildFile; fileRef = 1AA1F4DE27FF60300067C4E4 /* SudokuGameModels.swift */; };
		1AA1F4E627FF60300067C4E4 /* SudokuGameViewController.swift in Sources */ = {isa = PBXBuildFile; fileRef = 1AA1F4DF27FF60300067C4E4 /* SudokuGameViewController.swift */; };
		1AA1F4E727FF60300067C4E4 /* SudokuGameInteractor.swift in Sources */ = {isa = PBXBuildFile; fileRef = 1AA1F4E027FF60300067C4E4 /* SudokuGameInteractor.swift */; };
		1AA1F4EB27FF668A0067C4E4 /* SudokuGameCollectionViewCell.swift in Sources */ = {isa = PBXBuildFile; fileRef = 1AA1F4EA27FF668A0067C4E4 /* SudokuGameCollectionViewCell.swift */; };
		1ABC7C50280D9FEB0047520F /* SudokuGenerator.swift in Sources */ = {isa = PBXBuildFile; fileRef = 1ABC7C4F280D9FEB0047520F /* SudokuGenerator.swift */; };
/* End PBXBuildFile section */

/* Begin PBXFileReference section */
		1A16E5DF281189DF00EFF683 /* StartGamePresenter.swift */ = {isa = PBXFileReference; lastKnownFileType = sourcecode.swift; path = StartGamePresenter.swift; sourceTree = "<group>"; };
		1A16E5E0281189DF00EFF683 /* StartGameWorker.swift */ = {isa = PBXFileReference; lastKnownFileType = sourcecode.swift; path = StartGameWorker.swift; sourceTree = "<group>"; };
		1A16E5E1281189DF00EFF683 /* StartGameRouter.swift */ = {isa = PBXFileReference; lastKnownFileType = sourcecode.swift; path = StartGameRouter.swift; sourceTree = "<group>"; };
		1A16E5E2281189DF00EFF683 /* StartGameModels.swift */ = {isa = PBXFileReference; lastKnownFileType = sourcecode.swift; path = StartGameModels.swift; sourceTree = "<group>"; };
		1A16E5E3281189DF00EFF683 /* StartGameViewController.swift */ = {isa = PBXFileReference; lastKnownFileType = sourcecode.swift; path = StartGameViewController.swift; sourceTree = "<group>"; };
		1A16E5E4281189DF00EFF683 /* StartGameInteractor.swift */ = {isa = PBXFileReference; lastKnownFileType = sourcecode.swift; path = StartGameInteractor.swift; sourceTree = "<group>"; };
		1A1B473F28073BBF00BEEB1F /* IndexPathExtention.swift */ = {isa = PBXFileReference; lastKnownFileType = sourcecode.swift; path = IndexPathExtention.swift; sourceTree = "<group>"; };
		1A34639C2800430A00F9B94F /* UIViewExtention.swift */ = {isa = PBXFileReference; lastKnownFileType = sourcecode.swift; path = UIViewExtention.swift; sourceTree = "<group>"; };
		1A34639E280229DD00F9B94F /* ArrayExtention.swift */ = {isa = PBXFileReference; lastKnownFileType = sourcecode.swift; path = ArrayExtention.swift; sourceTree = "<group>"; };
		1A3CB6602816B307002C20B6 /* SaveManager.swift */ = {isa = PBXFileReference; lastKnownFileType = sourcecode.swift; path = SaveManager.swift; sourceTree = "<group>"; };
		1A82491B28180A7B0020EF00 /* SudokuGameViewModel.swift */ = {isa = PBXFileReference; lastKnownFileType = sourcecode.swift; path = SudokuGameViewModel.swift; sourceTree = "<group>"; };
		1A82491D28180AFB0020EF00 /* SudokuGameModel.swift */ = {isa = PBXFileReference; lastKnownFileType = sourcecode.swift; path = SudokuGameModel.swift; sourceTree = "<group>"; };
		1AA1F4C127FF5F370067C4E4 /* MySudokuProject.app */ = {isa = PBXFileReference; explicitFileType = wrapper.application; includeInIndex = 0; path = MySudokuProject.app; sourceTree = BUILT_PRODUCTS_DIR; };
		1AA1F4C427FF5F370067C4E4 /* AppDelegate.swift */ = {isa = PBXFileReference; lastKnownFileType = sourcecode.swift; path = AppDelegate.swift; sourceTree = "<group>"; };
		1AA1F4C627FF5F370067C4E4 /* SceneDelegate.swift */ = {isa = PBXFileReference; lastKnownFileType = sourcecode.swift; path = SceneDelegate.swift; sourceTree = "<group>"; };
		1AA1F4CE27FF5F370067C4E4 /* MySudokuProject.xcdatamodel */ = {isa = PBXFileReference; lastKnownFileType = wrapper.xcdatamodel; path = MySudokuProject.xcdatamodel; sourceTree = "<group>"; };
		1AA1F4D027FF5F3B0067C4E4 /* Assets.xcassets */ = {isa = PBXFileReference; lastKnownFileType = folder.assetcatalog; path = Assets.xcassets; sourceTree = "<group>"; };
		1AA1F4D327FF5F3B0067C4E4 /* Base */ = {isa = PBXFileReference; lastKnownFileType = file.storyboard; name = Base; path = Base.lproj/LaunchScreen.storyboard; sourceTree = "<group>"; };
		1AA1F4D527FF5F3B0067C4E4 /* Info.plist */ = {isa = PBXFileReference; lastKnownFileType = text.plist.xml; path = Info.plist; sourceTree = "<group>"; };
		1AA1F4DB27FF60300067C4E4 /* SudokuGamePresenter.swift */ = {isa = PBXFileReference; lastKnownFileType = sourcecode.swift; path = SudokuGamePresenter.swift; sourceTree = "<group>"; };
		1AA1F4DC27FF60300067C4E4 /* SudokuGameWorker.swift */ = {isa = PBXFileReference; lastKnownFileType = sourcecode.swift; path = SudokuGameWorker.swift; sourceTree = "<group>"; };
		1AA1F4DD27FF60300067C4E4 /* SudokuGameRouter.swift */ = {isa = PBXFileReference; lastKnownFileType = sourcecode.swift; path = SudokuGameRouter.swift; sourceTree = "<group>"; };
		1AA1F4DE27FF60300067C4E4 /* SudokuGameModels.swift */ = {isa = PBXFileReference; lastKnownFileType = sourcecode.swift; path = SudokuGameModels.swift; sourceTree = "<group>"; };
		1AA1F4DF27FF60300067C4E4 /* SudokuGameViewController.swift */ = {isa = PBXFileReference; lastKnownFileType = sourcecode.swift; path = SudokuGameViewController.swift; sourceTree = "<group>"; };
		1AA1F4E027FF60300067C4E4 /* SudokuGameInteractor.swift */ = {isa = PBXFileReference; lastKnownFileType = sourcecode.swift; path = SudokuGameInteractor.swift; sourceTree = "<group>"; };
		1AA1F4EA27FF668A0067C4E4 /* SudokuGameCollectionViewCell.swift */ = {isa = PBXFileReference; lastKnownFileType = sourcecode.swift; path = SudokuGameCollectionViewCell.swift; sourceTree = "<group>"; };
		1ABC7C4F280D9FEB0047520F /* SudokuGenerator.swift */ = {isa = PBXFileReference; lastKnownFileType = sourcecode.swift; path = SudokuGenerator.swift; sourceTree = "<group>"; };
/* End PBXFileReference section */

/* Begin PBXFrameworksBuildPhase section */
		1AA1F4BE27FF5F370067C4E4 /* Frameworks */ = {
			isa = PBXFrameworksBuildPhase;
			buildActionMask = 2147483647;
			files = (
			);
			runOnlyForDeploymentPostprocessing = 0;
		};
/* End PBXFrameworksBuildPhase section */

/* Begin PBXGroup section */
		1A16E5ED28118A0700EFF683 /* StartGame */ = {
			isa = PBXGroup;
			children = (
				1A16E5E3281189DF00EFF683 /* StartGameViewController.swift */,
				1A16E5E4281189DF00EFF683 /* StartGameInteractor.swift */,
				1A16E5DF281189DF00EFF683 /* StartGamePresenter.swift */,
				1A16E5E0281189DF00EFF683 /* StartGameWorker.swift */,
				1A16E5E1281189DF00EFF683 /* StartGameRouter.swift */,
				1A16E5E2281189DF00EFF683 /* StartGameModels.swift */,
			);
			path = StartGame;
			sourceTree = "<group>";
		};
		1A34639B280042A000F9B94F /* Helpers */ = {
			isa = PBXGroup;
			children = (
				1A34639C2800430A00F9B94F /* UIViewExtention.swift */,
				1A34639E280229DD00F9B94F /* ArrayExtention.swift */,
				1A1B473F28073BBF00BEEB1F /* IndexPathExtention.swift */,
				1ABC7C4F280D9FEB0047520F /* SudokuGenerator.swift */,
			);
			path = Helpers;
			sourceTree = "<group>";
		};
		1A3CB6622816B30D002C20B6 /* Services */ = {
			isa = PBXGroup;
			children = (
				1A3CB6602816B307002C20B6 /* SaveManager.swift */,
			);
			path = Services;
			sourceTree = "<group>";
		};
		1A82491A28180A3A0020EF00 /* Models */ = {
			isa = PBXGroup;
			children = (
				1AA1F4DE27FF60300067C4E4 /* SudokuGameModels.swift */,
				1A82491D28180AFB0020EF00 /* SudokuGameModel.swift */,
				1A82491B28180A7B0020EF00 /* SudokuGameViewModel.swift */,
			);
			path = Models;
			sourceTree = "<group>";
		};
		1AA1F4B827FF5F370067C4E4 = {
			isa = PBXGroup;
			children = (
				1AA1F4C327FF5F370067C4E4 /* MySudokuProject */,
				1AA1F4C227FF5F370067C4E4 /* Products */,
			);
			sourceTree = "<group>";
		};
		1AA1F4C227FF5F370067C4E4 /* Products */ = {
			isa = PBXGroup;
			children = (
				1AA1F4C127FF5F370067C4E4 /* MySudokuProject.app */,
			);
			name = Products;
			sourceTree = "<group>";
		};
		1AA1F4C327FF5F370067C4E4 /* MySudokuProject */ = {
			isa = PBXGroup;
			children = (
				1AA1F4C427FF5F370067C4E4 /* AppDelegate.swift */,
				1AA1F4C627FF5F370067C4E4 /* SceneDelegate.swift */,
				1A3CB6622816B30D002C20B6 /* Services */,
				1A16E5ED28118A0700EFF683 /* StartGame */,
				1AA1F4E927FF61240067C4E4 /* SudokuGame */,
				1A34639B280042A000F9B94F /* Helpers */,
				1AA1F4D027FF5F3B0067C4E4 /* Assets.xcassets */,
				1AA1F4D227FF5F3B0067C4E4 /* LaunchScreen.storyboard */,
				1AA1F4D527FF5F3B0067C4E4 /* Info.plist */,
				1AA1F4CD27FF5F370067C4E4 /* MySudokuProject.xcdatamodeld */,
			);
			path = MySudokuProject;
			sourceTree = "<group>";
		};
		1AA1F4E927FF61240067C4E4 /* SudokuGame */ = {
			isa = PBXGroup;
			children = (
				1A82491A28180A3A0020EF00 /* Models */,
				1AA1F4EC27FF66920067C4E4 /* SudokuGameCollectionViewCell */,
				1AA1F4DF27FF60300067C4E4 /* SudokuGameViewController.swift */,
				1AA1F4E027FF60300067C4E4 /* SudokuGameInteractor.swift */,
				1AA1F4DB27FF60300067C4E4 /* SudokuGamePresenter.swift */,
				1AA1F4DD27FF60300067C4E4 /* SudokuGameRouter.swift */,
				1AA1F4DC27FF60300067C4E4 /* SudokuGameWorker.swift */,
			);
			path = SudokuGame;
			sourceTree = "<group>";
		};
		1AA1F4EC27FF66920067C4E4 /* SudokuGameCollectionViewCell */ = {
			isa = PBXGroup;
			children = (
				1AA1F4EA27FF668A0067C4E4 /* SudokuGameCollectionViewCell.swift */,
			);
			path = SudokuGameCollectionViewCell;
			sourceTree = "<group>";
		};
/* End PBXGroup section */

/* Begin PBXNativeTarget section */
		1AA1F4C027FF5F370067C4E4 /* MySudokuProject */ = {
			isa = PBXNativeTarget;
			buildConfigurationList = 1AA1F4D827FF5F3B0067C4E4 /* Build configuration list for PBXNativeTarget "MySudokuProject" */;
			buildPhases = (
				1AA1F4BD27FF5F370067C4E4 /* Sources */,
				1AA1F4BE27FF5F370067C4E4 /* Frameworks */,
				1AA1F4BF27FF5F370067C4E4 /* Resources */,
			);
			buildRules = (
			);
			dependencies = (
			);
			name = MySudokuProject;
			productName = MySudokuProject;
			productReference = 1AA1F4C127FF5F370067C4E4 /* MySudokuProject.app */;
			productType = "com.apple.product-type.application";
		};
/* End PBXNativeTarget section */

/* Begin PBXProject section */
		1AA1F4B927FF5F370067C4E4 /* Project object */ = {
			isa = PBXProject;
			attributes = {
				BuildIndependentTargetsInParallel = 1;
				LastSwiftUpdateCheck = 1330;
				LastUpgradeCheck = 1330;
				TargetAttributes = {
					1AA1F4C027FF5F370067C4E4 = {
						CreatedOnToolsVersion = 13.3;
					};
				};
			};
			buildConfigurationList = 1AA1F4BC27FF5F370067C4E4 /* Build configuration list for PBXProject "MySudokuProject" */;
			compatibilityVersion = "Xcode 13.0";
			developmentRegion = en;
			hasScannedForEncodings = 0;
			knownRegions = (
				en,
				Base,
			);
			mainGroup = 1AA1F4B827FF5F370067C4E4;
			productRefGroup = 1AA1F4C227FF5F370067C4E4 /* Products */;
			projectDirPath = "";
			projectRoot = "";
			targets = (
				1AA1F4C027FF5F370067C4E4 /* MySudokuProject */,
			);
		};
/* End PBXProject section */

/* Begin PBXResourcesBuildPhase section */
		1AA1F4BF27FF5F370067C4E4 /* Resources */ = {
			isa = PBXResourcesBuildPhase;
			buildActionMask = 2147483647;
			files = (
				1AA1F4D427FF5F3B0067C4E4 /* LaunchScreen.storyboard in Resources */,
				1AA1F4D127FF5F3B0067C4E4 /* Assets.xcassets in Resources */,
			);
			runOnlyForDeploymentPostprocessing = 0;
		};
/* End PBXResourcesBuildPhase section */

/* Begin PBXSourcesBuildPhase section */
		1AA1F4BD27FF5F370067C4E4 /* Sources */ = {
			isa = PBXSourcesBuildPhase;
			buildActionMask = 2147483647;
			files = (
				1A34639F280229DD00F9B94F /* ArrayExtention.swift in Sources */,
				1AA1F4CF27FF5F370067C4E4 /* MySudokuProject.xcdatamodeld in Sources */,
				1AA1F4E627FF60300067C4E4 /* SudokuGameViewController.swift in Sources */,
				1A82491C28180A7B0020EF00 /* SudokuGameViewModel.swift in Sources */,
				1A16E5EA281189DF00EFF683 /* StartGameViewController.swift in Sources */,
				1A16E5E9281189DF00EFF683 /* StartGameModels.swift in Sources */,
				1A16E5E6281189DF00EFF683 /* StartGamePresenter.swift in Sources */,
				1AA1F4E427FF60300067C4E4 /* SudokuGameRouter.swift in Sources */,
				1A16E5E7281189DF00EFF683 /* StartGameWorker.swift in Sources */,
				1A82491E28180AFB0020EF00 /* SudokuGameModel.swift in Sources */,
				1ABC7C50280D9FEB0047520F /* SudokuGenerator.swift in Sources */,
				1A16E5EB281189DF00EFF683 /* StartGameInteractor.swift in Sources */,
				1A3CB6612816B307002C20B6 /* SaveManager.swift in Sources */,
				1AA1F4E527FF60300067C4E4 /* SudokuGameModels.swift in Sources */,
				1AA1F4E327FF60300067C4E4 /* SudokuGameWorker.swift in Sources */,
				1AA1F4C527FF5F370067C4E4 /* AppDelegate.swift in Sources */,
				1A1B474028073BBF00BEEB1F /* IndexPathExtention.swift in Sources */,
				1AA1F4C727FF5F370067C4E4 /* SceneDelegate.swift in Sources */,
				1AA1F4E227FF60300067C4E4 /* SudokuGamePresenter.swift in Sources */,
				1AA1F4E727FF60300067C4E4 /* SudokuGameInteractor.swift in Sources */,
				1A34639D2800430A00F9B94F /* UIViewExtention.swift in Sources */,
				1AA1F4EB27FF668A0067C4E4 /* SudokuGameCollectionViewCell.swift in Sources */,
				1A16E5E8281189DF00EFF683 /* StartGameRouter.swift in Sources */,
			);
			runOnlyForDeploymentPostprocessing = 0;
		};
/* End PBXSourcesBuildPhase section */

/* Begin PBXVariantGroup section */
		1AA1F4D227FF5F3B0067C4E4 /* LaunchScreen.storyboard */ = {
			isa = PBXVariantGroup;
			children = (
				1AA1F4D327FF5F3B0067C4E4 /* Base */,
			);
			name = LaunchScreen.storyboard;
			sourceTree = "<group>";
		};
/* End PBXVariantGroup section */

/* Begin XCBuildConfiguration section */
		1AA1F4D627FF5F3B0067C4E4 /* Debug */ = {
			isa = XCBuildConfiguration;
			buildSettings = {
				ALWAYS_SEARCH_USER_PATHS = NO;
				CLANG_ANALYZER_NONNULL = YES;
				CLANG_ANALYZER_NUMBER_OBJECT_CONVERSION = YES_AGGRESSIVE;
				CLANG_CXX_LANGUAGE_STANDARD = "gnu++17";
				CLANG_ENABLE_MODULES = YES;
				CLANG_ENABLE_OBJC_ARC = YES;
				CLANG_ENABLE_OBJC_WEAK = YES;
				CLANG_WARN_BLOCK_CAPTURE_AUTORELEASING = YES;
				CLANG_WARN_BOOL_CONVERSION = YES;
				CLANG_WARN_COMMA = YES;
				CLANG_WARN_CONSTANT_CONVERSION = YES;
				CLANG_WARN_DEPRECATED_OBJC_IMPLEMENTATIONS = YES;
				CLANG_WARN_DIRECT_OBJC_ISA_USAGE = YES_ERROR;
				CLANG_WARN_DOCUMENTATION_COMMENTS = YES;
				CLANG_WARN_EMPTY_BODY = YES;
				CLANG_WARN_ENUM_CONVERSION = YES;
				CLANG_WARN_INFINITE_RECURSION = YES;
				CLANG_WARN_INT_CONVERSION = YES;
				CLANG_WARN_NON_LITERAL_NULL_CONVERSION = YES;
				CLANG_WARN_OBJC_IMPLICIT_RETAIN_SELF = YES;
				CLANG_WARN_OBJC_LITERAL_CONVERSION = YES;
				CLANG_WARN_OBJC_ROOT_CLASS = YES_ERROR;
				CLANG_WARN_QUOTED_INCLUDE_IN_FRAMEWORK_HEADER = YES;
				CLANG_WARN_RANGE_LOOP_ANALYSIS = YES;
				CLANG_WARN_STRICT_PROTOTYPES = YES;
				CLANG_WARN_SUSPICIOUS_MOVE = YES;
				CLANG_WARN_UNGUARDED_AVAILABILITY = YES_AGGRESSIVE;
				CLANG_WARN_UNREACHABLE_CODE = YES;
				CLANG_WARN__DUPLICATE_METHOD_MATCH = YES;
				COPY_PHASE_STRIP = NO;
				DEBUG_INFORMATION_FORMAT = dwarf;
				ENABLE_STRICT_OBJC_MSGSEND = YES;
				ENABLE_TESTABILITY = YES;
				GCC_C_LANGUAGE_STANDARD = gnu11;
				GCC_DYNAMIC_NO_PIC = NO;
				GCC_NO_COMMON_BLOCKS = YES;
				GCC_OPTIMIZATION_LEVEL = 0;
				GCC_PREPROCESSOR_DEFINITIONS = (
					"DEBUG=1",
					"$(inherited)",
				);
				GCC_WARN_64_TO_32_BIT_CONVERSION = YES;
				GCC_WARN_ABOUT_RETURN_TYPE = YES_ERROR;
				GCC_WARN_UNDECLARED_SELECTOR = YES;
				GCC_WARN_UNINITIALIZED_AUTOS = YES_AGGRESSIVE;
				GCC_WARN_UNUSED_FUNCTION = YES;
				GCC_WARN_UNUSED_VARIABLE = YES;
				IPHONEOS_DEPLOYMENT_TARGET = 15.4;
				MTL_ENABLE_DEBUG_INFO = INCLUDE_SOURCE;
				MTL_FAST_MATH = YES;
				ONLY_ACTIVE_ARCH = YES;
				SDKROOT = iphoneos;
				SWIFT_ACTIVE_COMPILATION_CONDITIONS = DEBUG;
				SWIFT_OPTIMIZATION_LEVEL = "-Onone";
			};
			name = Debug;
		};
		1AA1F4D727FF5F3B0067C4E4 /* Release */ = {
			isa = XCBuildConfiguration;
			buildSettings = {
				ALWAYS_SEARCH_USER_PATHS = NO;
				CLANG_ANALYZER_NONNULL = YES;
				CLANG_ANALYZER_NUMBER_OBJECT_CONVERSION = YES_AGGRESSIVE;
				CLANG_CXX_LANGUAGE_STANDARD = "gnu++17";
				CLANG_ENABLE_MODULES = YES;
				CLANG_ENABLE_OBJC_ARC = YES;
				CLANG_ENABLE_OBJC_WEAK = YES;
				CLANG_WARN_BLOCK_CAPTURE_AUTORELEASING = YES;
				CLANG_WARN_BOOL_CONVERSION = YES;
				CLANG_WARN_COMMA = YES;
				CLANG_WARN_CONSTANT_CONVERSION = YES;
				CLANG_WARN_DEPRECATED_OBJC_IMPLEMENTATIONS = YES;
				CLANG_WARN_DIRECT_OBJC_ISA_USAGE = YES_ERROR;
				CLANG_WARN_DOCUMENTATION_COMMENTS = YES;
				CLANG_WARN_EMPTY_BODY = YES;
				CLANG_WARN_ENUM_CONVERSION = YES;
				CLANG_WARN_INFINITE_RECURSION = YES;
				CLANG_WARN_INT_CONVERSION = YES;
				CLANG_WARN_NON_LITERAL_NULL_CONVERSION = YES;
				CLANG_WARN_OBJC_IMPLICIT_RETAIN_SELF = YES;
				CLANG_WARN_OBJC_LITERAL_CONVERSION = YES;
				CLANG_WARN_OBJC_ROOT_CLASS = YES_ERROR;
				CLANG_WARN_QUOTED_INCLUDE_IN_FRAMEWORK_HEADER = YES;
				CLANG_WARN_RANGE_LOOP_ANALYSIS = YES;
				CLANG_WARN_STRICT_PROTOTYPES = YES;
				CLANG_WARN_SUSPICIOUS_MOVE = YES;
				CLANG_WARN_UNGUARDED_AVAILABILITY = YES_AGGRESSIVE;
				CLANG_WARN_UNREACHABLE_CODE = YES;
				CLANG_WARN__DUPLICATE_METHOD_MATCH = YES;
				COPY_PHASE_STRIP = NO;
				DEBUG_INFORMATION_FORMAT = "dwarf-with-dsym";
				ENABLE_NS_ASSERTIONS = NO;
				ENABLE_STRICT_OBJC_MSGSEND = YES;
				GCC_C_LANGUAGE_STANDARD = gnu11;
				GCC_NO_COMMON_BLOCKS = YES;
				GCC_WARN_64_TO_32_BIT_CONVERSION = YES;
				GCC_WARN_ABOUT_RETURN_TYPE = YES_ERROR;
				GCC_WARN_UNDECLARED_SELECTOR = YES;
				GCC_WARN_UNINITIALIZED_AUTOS = YES_AGGRESSIVE;
				GCC_WARN_UNUSED_FUNCTION = YES;
				GCC_WARN_UNUSED_VARIABLE = YES;
				IPHONEOS_DEPLOYMENT_TARGET = 15.4;
				MTL_ENABLE_DEBUG_INFO = NO;
				MTL_FAST_MATH = YES;
				SDKROOT = iphoneos;
				SWIFT_COMPILATION_MODE = wholemodule;
				SWIFT_OPTIMIZATION_LEVEL = "-O";
				VALIDATE_PRODUCT = YES;
			};
			name = Release;
		};
		1AA1F4D927FF5F3B0067C4E4 /* Debug */ = {
			isa = XCBuildConfiguration;
			buildSettings = {
				ASSETCATALOG_COMPILER_APPICON_NAME = AppIcon;
				ASSETCATALOG_COMPILER_GLOBAL_ACCENT_COLOR_NAME = AccentColor;
				CODE_SIGN_STYLE = Automatic;
				CURRENT_PROJECT_VERSION = 1;
				DEVELOPMENT_TEAM = XS6MHWV662;
				GENERATE_INFOPLIST_FILE = YES;
				INFOPLIST_FILE = MySudokuProject/Info.plist;
				INFOPLIST_KEY_UIApplicationSupportsIndirectInputEvents = YES;
				INFOPLIST_KEY_UILaunchStoryboardName = LaunchScreen;
				INFOPLIST_KEY_UISupportedInterfaceOrientations_iPad = "UIInterfaceOrientationPortrait UIInterfaceOrientationPortraitUpsideDown UIInterfaceOrientationLandscapeLeft UIInterfaceOrientationLandscapeRight";
				INFOPLIST_KEY_UISupportedInterfaceOrientations_iPhone = "UIInterfaceOrientationPortrait UIInterfaceOrientationLandscapeLeft UIInterfaceOrientationLandscapeRight";
				LD_RUNPATH_SEARCH_PATHS = (
					"$(inherited)",
					"@executable_path/Frameworks",
				);
				MARKETING_VERSION = 1.0;
				PRODUCT_BUNDLE_IDENTIFIER = com.sadyrev.MySudokuProject;
				PRODUCT_NAME = "$(TARGET_NAME)";
				SWIFT_EMIT_LOC_STRINGS = YES;
				SWIFT_VERSION = 5.0;
				TARGETED_DEVICE_FAMILY = "1,2";
			};
			name = Debug;
		};
		1AA1F4DA27FF5F3B0067C4E4 /* Release */ = {
			isa = XCBuildConfiguration;
			buildSettings = {
				ASSETCATALOG_COMPILER_APPICON_NAME = AppIcon;
				ASSETCATALOG_COMPILER_GLOBAL_ACCENT_COLOR_NAME = AccentColor;
				CODE_SIGN_STYLE = Automatic;
				CURRENT_PROJECT_VERSION = 1;
				DEVELOPMENT_TEAM = XS6MHWV662;
				GENERATE_INFOPLIST_FILE = YES;
				INFOPLIST_FILE = MySudokuProject/Info.plist;
				INFOPLIST_KEY_UIApplicationSupportsIndirectInputEvents = YES;
				INFOPLIST_KEY_UILaunchStoryboardName = LaunchScreen;
				INFOPLIST_KEY_UISupportedInterfaceOrientations_iPad = "UIInterfaceOrientationPortrait UIInterfaceOrientationPortraitUpsideDown UIInterfaceOrientationLandscapeLeft UIInterfaceOrientationLandscapeRight";
				INFOPLIST_KEY_UISupportedInterfaceOrientations_iPhone = "UIInterfaceOrientationPortrait UIInterfaceOrientationLandscapeLeft UIInterfaceOrientationLandscapeRight";
				LD_RUNPATH_SEARCH_PATHS = (
					"$(inherited)",
					"@executable_path/Frameworks",
				);
				MARKETING_VERSION = 1.0;
				PRODUCT_BUNDLE_IDENTIFIER = com.sadyrev.MySudokuProject;
				PRODUCT_NAME = "$(TARGET_NAME)";
				SWIFT_EMIT_LOC_STRINGS = YES;
				SWIFT_VERSION = 5.0;
				TARGETED_DEVICE_FAMILY = "1,2";
			};
			name = Release;
		};
/* End XCBuildConfiguration section */

/* Begin XCConfigurationList section */
		1AA1F4BC27FF5F370067C4E4 /* Build configuration list for PBXProject "MySudokuProject" */ = {
			isa = XCConfigurationList;
			buildConfigurations = (
				1AA1F4D627FF5F3B0067C4E4 /* Debug */,
				1AA1F4D727FF5F3B0067C4E4 /* Release */,
			);
			defaultConfigurationIsVisible = 0;
			defaultConfigurationName = Release;
		};
		1AA1F4D827FF5F3B0067C4E4 /* Build configuration list for PBXNativeTarget "MySudokuProject" */ = {
			isa = XCConfigurationList;
			buildConfigurations = (
				1AA1F4D927FF5F3B0067C4E4 /* Debug */,
				1AA1F4DA27FF5F3B0067C4E4 /* Release */,
			);
			defaultConfigurationIsVisible = 0;
			defaultConfigurationName = Release;
		};
/* End XCConfigurationList section */

/* Begin XCVersionGroup section */
		1AA1F4CD27FF5F370067C4E4 /* MySudokuProject.xcdatamodeld */ = {
			isa = XCVersionGroup;
			children = (
				1AA1F4CE27FF5F370067C4E4 /* MySudokuProject.xcdatamodel */,
			);
			currentVersion = 1AA1F4CE27FF5F370067C4E4 /* MySudokuProject.xcdatamodel */;
			path = MySudokuProject.xcdatamodeld;
			sourceTree = "<group>";
			versionGroupType = wrapper.xcdatamodel;
		};
/* End XCVersionGroup section */
	};
	rootObject = 1AA1F4B927FF5F370067C4E4 /* Project object */;
}
